
Microsoft Visual Studio Solution File, Format Version 12.00
# Visual Studio Version 17
VisualStudioVersion = 17.5.002.0
MinimumVisualStudioVersion = 10.0.40219.1
Project("{9A19103F-16F7-4668-BE54-9A1E7A4F7556}") = "Hello_console", "Example01_Hello_console\Hello_console.csproj", "{6DD29CEA-7583-49DB-8BB7-C34D9F4BB346}"
EndProject
Project("{9A19103F-16F7-4668-BE54-9A1E7A4F7556}") = "Example02_Hello_User", "Example02_Hello_User\Example02_Hello_User.csproj", "{2E1D76E9-1571-4D88-9BFB-D9C129ABA215}"
EndProject
Project("{9A19103F-16F7-4668-BE54-9A1E7A4F7556}") = "Example03_Sum", "Example03_Sum\Example03_Sum.csproj", "{E26A7188-E567-44C6-B966-4D42FFC51CFB}"
EndProject
Project("{9A19103F-16F7-4668-BE54-9A1E7A4F7556}") = "Example04_Div", "Example04_Div\Example04_Div.csproj", "{6CB631E7-F618-4770-AC46-BFB403F2C906}"
EndProject
Project("{9A19103F-16F7-4668-BE54-9A1E7A4F7556}") = "Example05_if_else", "Example05_if_else\Example05_if_else.csproj", "{34F3F637-9E38-47B8-A40A-102B5BE7F85D}"
EndProject
Global
	GlobalSection(SolutionConfigurationPlatforms) = preSolution
		Debug|Any CPU = Debug|Any CPU
		Release|Any CPU = Release|Any CPU
	EndGlobalSection
	GlobalSection(ProjectConfigurationPlatforms) = postSolution
		{6DD29CEA-7583-49DB-8BB7-C34D9F4BB346}.Debug|Any CPU.ActiveCfg = Debug|Any CPU
		{6DD29CEA-7583-49DB-8BB7-C34D9F4BB346}.Debug|Any CPU.Build.0 = Debug|Any CPU
		{6DD29CEA-7583-49DB-8BB7-C34D9F4BB346}.Release|Any CPU.ActiveCfg = Release|Any CPU
		{6DD29CEA-7583-49DB-8BB7-C34D9F4BB346}.Release|Any CPU.Build.0 = Release|Any CPU
		{2E1D76E9-1571-4D88-9BFB-D9C129ABA215}.Debug|Any CPU.ActiveCfg = Debug|Any CPU
		{2E1D76E9-1571-4D88-9BFB-D9C129ABA215}.Debug|Any CPU.Build.0 = Debug|Any CPU
		{2E1D76E9-1571-4D88-9BFB-D9C129ABA215}.Release|Any CPU.ActiveCfg = Release|Any CPU
		{2E1D76E9-1571-4D88-9BFB-D9C129ABA215}.Release|Any CPU.Build.0 = Release|Any CPU
		{E26A7188-E567-44C6-B966-4D42FFC51CFB}.Debug|Any CPU.ActiveCfg = Debug|Any CPU
		{E26A7188-E567-44C6-B966-4D42FFC51CFB}.Debug|Any CPU.Build.0 = Debug|Any CPU
		{E26A7188-E567-44C6-B966-4D42FFC51CFB}.Release|Any CPU.ActiveCfg = Release|Any CPU
		{E26A7188-E567-44C6-B966-4D42FFC51CFB}.Release|Any CPU.Build.0 = Release|Any CPU
		{6CB631E7-F618-4770-AC46-BFB403F2C906}.Debug|Any CPU.ActiveCfg = Debug|Any CPU
		{6CB631E7-F618-4770-AC46-BFB403F2C906}.Debug|Any CPU.Build.0 = Debug|Any CPU
		{6CB631E7-F618-4770-AC46-BFB403F2C906}.Release|Any CPU.ActiveCfg = Release|Any CPU
		{6CB631E7-F618-4770-AC46-BFB403F2C906}.Release|Any CPU.Build.0 = Release|Any CPU
		{34F3F637-9E38-47B8-A40A-102B5BE7F85D}.Debug|Any CPU.ActiveCfg = Debug|Any CPU
		{34F3F637-9E38-47B8-A40A-102B5BE7F85D}.Debug|Any CPU.Build.0 = Debug|Any CPU
		{34F3F637-9E38-47B8-A40A-102B5BE7F85D}.Release|Any CPU.ActiveCfg = Release|Any CPU
		{34F3F637-9E38-47B8-A40A-102B5BE7F85D}.Release|Any CPU.Build.0 = Release|Any CPU
	EndGlobalSection
	GlobalSection(SolutionProperties) = preSolution
		HideSolutionNode = FALSE
	EndGlobalSection
	GlobalSection(ExtensibilityGlobals) = postSolution
		SolutionGuid = {C75BB1D3-3026-4E63-A733-3E9D195AFF7D}
	EndGlobalSection
EndGlobal
